PODS:
  - MADNetwork (0.1.9)

DEPENDENCIES:
  - MADNetwork (from `https://github.com/teammadduck/MADNetwork`)

EXTERNAL SOURCES:
  MADNetwork:
    :git: https://github.com/teammadduck/MADNetwork

CHECKOUT OPTIONS:
  MADNetwork:
    :commit: d5dbe2b2b765b39f2c6f440f30afed136566c137
    :git: https://github.com/teammadduck/MADNetwork

SPEC CHECKSUMS:
  MADNetwork: ef3edda0225644058fbac60484f0ae5c34f27085

PODFILE CHECKSUM: 1001950ec2036b0779c2b4af969c1764bc8791d8

COCOAPODS: 1.11.2
